
Microsoft Visual Studio Solution File, Format Version 12.00
# Visual Studio Version 16
VisualStudioVersion = 16.0.30523.141
MinimumVisualStudioVersion = 10.0.40219.1
Project("{8BC9CEB8-8B4A-11D0-8D11-00A0C91BC942}") = "Lab_8.1 string", "Lab_8.1 string.vcxproj", "{B79226FC-F587-4520-9549-EF7DF36A42E1}"
EndProject
Global
	GlobalSection(SolutionConfigurationPlatforms) = preSolution
		Debug|x64 = Debug|x64
		Debug|x86 = Debug|x86
		Release|x64 = Release|x64
		Release|x86 = Release|x86
	EndGlobalSection
	GlobalSection(ProjectConfigurationPlatforms) = postSolution
		{B79226FC-F587-4520-9549-EF7DF36A42E1}.Debug|x64.ActiveCfg = Debug|x64
		{B79226FC-F587-4520-9549-EF7DF36A42E1}.Debug|x64.Build.0 = Debug|x64
		{B79226FC-F587-4520-9549-EF7DF36A42E1}.Debug|x86.ActiveCfg = Debug|Win32
		{B79226FC-F587-4520-9549-EF7DF36A42E1}.Debug|x86.Build.0 = Debug|Win32
		{B79226FC-F587-4520-9549-EF7DF36A42E1}.Release|x64.ActiveCfg = Release|x64
		{B79226FC-F587-4520-9549-EF7DF36A42E1}.Release|x64.Build.0 = Release|x64
		{B79226FC-F587-4520-9549-EF7DF36A42E1}.Release|x86.ActiveCfg = Release|Win32
		{B79226FC-F587-4520-9549-EF7DF36A42E1}.Release|x86.Build.0 = Release|Win32
	EndGlobalSection
	GlobalSection(SolutionProperties) = preSolution
		HideSolutionNode = FALSE
	EndGlobalSection
	GlobalSection(ExtensibilityGlobals) = postSolution
		SolutionGuid = {E7EA8FCB-AA36-497D-870E-42369586957E}
	EndGlobalSection
EndGlobal
